
Microsoft Visual Studio Solution File, Format Version 12.00
# Visual Studio Version 17
VisualStudioVersion = 17.3.32929.385
MinimumVisualStudioVersion = 10.0.40219.1
Project("{FAE04EC0-301F-11D3-BF4B-00C04F79EFBC}") = "composition-vs-inheritance", "composition-vs-inheritance\composition-vs-inheritance.csproj", "{891A236C-6628-4378-B414-22677C882F07}"
EndProject
Global
	GlobalSection(SolutionConfigurationPlatforms) = preSolution
		Debug|Any CPU = Debug|Any CPU
		Release|Any CPU = Release|Any CPU
	EndGlobalSection
	GlobalSection(ProjectConfigurationPlatforms) = postSolution
		{891A236C-6628-4378-B414-22677C882F07}.Debug|Any CPU.ActiveCfg = Debug|Any CPU
		{891A236C-6628-4378-B414-22677C882F07}.Debug|Any CPU.Build.0 = Debug|Any CPU
		{891A236C-6628-4378-B414-22677C882F07}.Release|Any CPU.ActiveCfg = Release|Any CPU
		{891A236C-6628-4378-B414-22677C882F07}.Release|Any CPU.Build.0 = Release|Any CPU
	EndGlobalSection
	GlobalSection(SolutionProperties) = preSolution
		HideSolutionNode = FALSE
	EndGlobalSection
	GlobalSection(ExtensibilityGlobals) = postSolution
		SolutionGuid = {620E5DA7-62BD-4097-A863-D92D67CDC25F}
	EndGlobalSection
EndGlobal
